
Microsoft Visual Studio Solution File, Format Version 12.00
Project("{FAE04EC0-301F-11D3-BF4B-00C04F79EFBC}") = "GameOfLife", "GameOfLife\GameOfLife.csproj", "{2AE8232F-F559-4939-B0CE-1E272BC97BBC}"
EndProject
Global
	GlobalSection(SolutionConfigurationPlatforms) = preSolution
		Debug|Any CPU = Debug|Any CPU
		Release|Any CPU = Release|Any CPU
	EndGlobalSection
	GlobalSection(ProjectConfigurationPlatforms) = postSolution
		{2AE8232F-F559-4939-B0CE-1E272BC97BBC}.Debug|Any CPU.ActiveCfg = Debug|Any CPU
		{2AE8232F-F559-4939-B0CE-1E272BC97BBC}.Debug|Any CPU.Build.0 = Debug|Any CPU
		{2AE8232F-F559-4939-B0CE-1E272BC97BBC}.Release|Any CPU.ActiveCfg = Release|Any CPU
		{2AE8232F-F559-4939-B0CE-1E272BC97BBC}.Release|Any CPU.Build.0 = Release|Any CPU
	EndGlobalSection
EndGlobal
